{
  "name": "lautstark.github.io",
  "version": "0.1.0",
  "lockfileVersion": 3,
  "requires": true,
  "packages": {
    "": {
      "name": "lautstark.github.io",
      "version": "0.1.0",
      "license": "MIT",
      "dependencies": {
        "@lautstark/design": "github:Lautstark/design#v1.30.0"
      }
    },
    "node_modules/@lautstark/design": {
      "version": "1.30.0",
      "resolved": "git+ssh://git@github.com/Lautstark/design.git#755a2c7dd38ef43b3193215b3429ca186bc982e9",
      "license": "MIT",
      "engines": {
        "node": ">=20"
      }
    }
  }
}
