{
  "name": "lautstark.github.io",
  "version": "0.1.0",
  "lockfileVersion": 3,
  "requires": true,
  "packages": {
    "": {
      "name": "lautstark.github.io",
      "version": "0.1.0",
      "license": "MIT",
      "dependencies": {
        "@lautstark/design": "github:Lautstark/design#v1.31.3"
      }
    },
    "node_modules/@lautstark/design": {
      "version": "1.31.3",
      "resolved": "git+ssh://git@github.com/Lautstark/design.git#bb98655f416299788585acd85b3d1ba3d49dd851",
      "license": "MIT",
      "engines": {
        "node": ">=20"
      }
    }
  }
}
